
Microsoft Visual Studio Solution File, Format Version 12.00
# Visual Studio Version 17
VisualStudioVersion = 17.4.33213.308
MinimumVisualStudioVersion = 10.0.40219.1
Project("{FAE04EC0-301F-11D3-BF4B-00C04F79EFBC}") = "ArregloV2", "ArregloV2.csproj", "{B539A76B-6DA9-4F6D-B594-32D27C5348D2}"
EndProject
Global
	GlobalSection(SolutionConfigurationPlatforms) = preSolution
		Debug|Any CPU = Debug|Any CPU
		Release|Any CPU = Release|Any CPU
	EndGlobalSection
	GlobalSection(ProjectConfigurationPlatforms) = postSolution
		{B539A76B-6DA9-4F6D-B594-32D27C5348D2}.Debug|Any CPU.ActiveCfg = Debug|Any CPU
		{B539A76B-6DA9-4F6D-B594-32D27C5348D2}.Debug|Any CPU.Build.0 = Debug|Any CPU
		{B539A76B-6DA9-4F6D-B594-32D27C5348D2}.Release|Any CPU.ActiveCfg = Release|Any CPU
		{B539A76B-6DA9-4F6D-B594-32D27C5348D2}.Release|Any CPU.Build.0 = Release|Any CPU
	EndGlobalSection
	GlobalSection(SolutionProperties) = preSolution
		HideSolutionNode = FALSE
	EndGlobalSection
	GlobalSection(ExtensibilityGlobals) = postSolution
		SolutionGuid = {8E7443FA-975D-45D9-A6DC-F2ECA55F85A5}
	EndGlobalSection
EndGlobal
